
Microsoft Visual Studio Solution File, Format Version 12.00
# Visual Studio 15
VisualStudioVersion = 15.0.26730.3
MinimumVisualStudioVersion = 10.0.40219.1
Project("{FAE04EC0-301F-11D3-BF4B-00C04F79EFBC}") = "ConsoleApp1", "ConsoleApp1\ConsoleApp1.csproj", "{C71A3D3E-AEE4-4870-9122-87A27BFDD349}"
EndProject
Global
	GlobalSection(SolutionConfigurationPlatforms) = preSolution
		Debug|Any CPU = Debug|Any CPU
		Release|Any CPU = Release|Any CPU
	EndGlobalSection
	GlobalSection(ProjectConfigurationPlatforms) = postSolution
		{C71A3D3E-AEE4-4870-9122-87A27BFDD349}.Debug|Any CPU.ActiveCfg = Debug|Any CPU
		{C71A3D3E-AEE4-4870-9122-87A27BFDD349}.Debug|Any CPU.Build.0 = Debug|Any CPU
		{C71A3D3E-AEE4-4870-9122-87A27BFDD349}.Release|Any CPU.ActiveCfg = Release|Any CPU
		{C71A3D3E-AEE4-4870-9122-87A27BFDD349}.Release|Any CPU.Build.0 = Release|Any CPU
	EndGlobalSection
	GlobalSection(SolutionProperties) = preSolution
		HideSolutionNode = FALSE
	EndGlobalSection
	GlobalSection(ExtensibilityGlobals) = postSolution
		SolutionGuid = {7BFE4400-BE25-4577-9275-287C1170126D}
	EndGlobalSection
EndGlobal
